// !$*UTF8*$!
{
	archiveVersion = 1;
	classes = {
	};
	objectVersion = 46;
	objects = {

/* Begin PBXBuildFile section */
		A80B449D1AC0DF7200B639D8 /* MapKit.framework in Frameworks */ = {isa = PBXBuildFile; fileRef = A80B449C1AC0DF7200B639D8 /* MapKit.framework */; };
		A82B0D681AC0684600DB967F /* EventDetailViewController.m in Sources */ = {isa = PBXBuildFile; fileRef = A82B0D671AC0684600DB967F /* EventDetailViewController.m */; };
		A82B0D6B1AC06B6200DB967F /* EventViewController.m in Sources */ = {isa = PBXBuildFile; fileRef = A82B0D6A1AC06B6200DB967F /* EventViewController.m */; };
		A834586B1AB0EFB10052E4AF /* main.m in Sources */ = {isa = PBXBuildFile; fileRef = A834586A1AB0EFB10052E4AF /* main.m */; };
		A834586E1AB0EFB10052E4AF /* AppDelegate.m in Sources */ = {isa = PBXBuildFile; fileRef = A834586D1AB0EFB10052E4AF /* AppDelegate.m */; };
		A83458741AB0EFB10052E4AF /* Main.storyboard in Resources */ = {isa = PBXBuildFile; fileRef = A83458721AB0EFB10052E4AF /* Main.storyboard */; };
		A83458761AB0EFB10052E4AF /* Images.xcassets in Resources */ = {isa = PBXBuildFile; fileRef = A83458751AB0EFB10052E4AF /* Images.xcassets */; };
		A83458791AB0EFB10052E4AF /* LaunchScreen.xib in Resources */ = {isa = PBXBuildFile; fileRef = A83458771AB0EFB10052E4AF /* LaunchScreen.xib */; };
		A83458851AB0EFB20052E4AF /* EventOrganizerTests.m in Sources */ = {isa = PBXBuildFile; fileRef = A83458841AB0EFB20052E4AF /* EventOrganizerTests.m */; };
		A83458901AB0F05E0052E4AF /* LoginViewController.m in Sources */ = {isa = PBXBuildFile; fileRef = A834588F1AB0F05E0052E4AF /* LoginViewController.m */; };
		A834589C1AB1002B0052E4AF /* Event.m in Sources */ = {isa = PBXBuildFile; fileRef = A834589B1AB1002B0052E4AF /* Event.m */; };
		A8DFE40F1AC1D1E700161323 /* MapViewController.m in Sources */ = {isa = PBXBuildFile; fileRef = A8DFE40E1AC1D1E700161323 /* MapViewController.m */; };
/* End PBXBuildFile section */

/* Begin PBXContainerItemProxy section */
		A834587F1AB0EFB20052E4AF /* PBXContainerItemProxy */ = {
			isa = PBXContainerItemProxy;
			containerPortal = A834585D1AB0EFB10052E4AF /* Project object */;
			proxyType = 1;
			remoteGlobalIDString = A83458641AB0EFB10052E4AF;
			remoteInfo = EventOrganizer;
		};
/* End PBXContainerItemProxy section */

/* Begin PBXFileReference section */
		A80B449C1AC0DF7200B639D8 /* MapKit.framework */ = {isa = PBXFileReference; lastKnownFileType = wrapper.framework; name = MapKit.framework; path = System/Library/Frameworks/MapKit.framework; sourceTree = SDKROOT; };
		A82B0D661AC0684600DB967F /* EventDetailViewController.h */ = {isa = PBXFileReference; fileEncoding = 4; lastKnownFileType = sourcecode.c.h; name = EventDetailViewController.h; path = ../EventDetailViewController.h; sourceTree = "<group>"; };
		A82B0D671AC0684600DB967F /* EventDetailViewController.m */ = {isa = PBXFileReference; fileEncoding = 4; lastKnownFileType = sourcecode.c.objc; name = EventDetailViewController.m; path = ../EventDetailViewController.m; sourceTree = "<group>"; };
		A82B0D691AC06B6200DB967F /* EventViewController.h */ = {isa = PBXFileReference; fileEncoding = 4; lastKnownFileType = sourcecode.c.h; path = EventViewController.h; sourceTree = "<group>"; };
		A82B0D6A1AC06B6200DB967F /* EventViewController.m */ = {isa = PBXFileReference; fileEncoding = 4; lastKnownFileType = sourcecode.c.objc; path = EventViewController.m; sourceTree = "<group>"; };
		A83458651AB0EFB10052E4AF /* EventOrganizer.app */ = {isa = PBXFileReference; explicitFileType = wrapper.application; includeInIndex = 0; path = EventOrganizer.app; sourceTree = BUILT_PRODUCTS_DIR; };
		A83458691AB0EFB10052E4AF /* Info.plist */ = {isa = PBXFileReference; lastKnownFileType = text.plist.xml; path = Info.plist; sourceTree = "<group>"; };
		A834586A1AB0EFB10052E4AF /* main.m */ = {isa = PBXFileReference; lastKnownFileType = sourcecode.c.objc; path = main.m; sourceTree = "<group>"; };
		A834586C1AB0EFB10052E4AF /* AppDelegate.h */ = {isa = PBXFileReference; lastKnownFileType = sourcecode.c.h; path = AppDelegate.h; sourceTree = "<group>"; };
		A834586D1AB0EFB10052E4AF /* AppDelegate.m */ = {isa = PBXFileReference; lastKnownFileType = sourcecode.c.objc; path = AppDelegate.m; sourceTree = "<group>"; };
		A83458731AB0EFB10052E4AF /* Base */ = {isa = PBXFileReference; lastKnownFileType = file.storyboard; name = Base; path = Base.lproj/Main.storyboard; sourceTree = "<group>"; };
		A83458751AB0EFB10052E4AF /* Images.xcassets */ = {isa = PBXFileReference; lastKnownFileType = folder.assetcatalog; path = Images.xcassets; sourceTree = "<group>"; };
		A83458781AB0EFB10052E4AF /* Base */ = {isa = PBXFileReference; lastKnownFileType = file.xib; name = Base; path = Base.lproj/LaunchScreen.xib; sourceTree = "<group>"; };
		A834587E1AB0EFB20052E4AF /* EventOrganizerTests.xctest */ = {isa = PBXFileReference; explicitFileType = wrapper.cfbundle; includeInIndex = 0; path = EventOrganizerTests.xctest; sourceTree = BUILT_PRODUCTS_DIR; };
		A83458831AB0EFB20052E4AF /* Info.plist */ = {isa = PBXFileReference; lastKnownFileType = text.plist.xml; path = Info.plist; sourceTree = "<group>"; };
		A83458841AB0EFB20052E4AF /* EventOrganizerTests.m */ = {isa = PBXFileReference; lastKnownFileType = sourcecode.c.objc; path = EventOrganizerTests.m; sourceTree = "<group>"; };
		A834588E1AB0F05E0052E4AF /* LoginViewController.h */ = {isa = PBXFileReference; fileEncoding = 4; lastKnownFileType = sourcecode.c.h; path = LoginViewController.h; sourceTree = "<group>"; };
		A834588F1AB0F05E0052E4AF /* LoginViewController.m */ = {isa = PBXFileReference; fileEncoding = 4; lastKnownFileType = sourcecode.c.objc; path = LoginViewController.m; sourceTree = "<group>"; };
		A834589A1AB1002A0052E4AF /* Event.h */ = {isa = PBXFileReference; fileEncoding = 4; lastKnownFileType = sourcecode.c.h; path = Event.h; sourceTree = "<group>"; };
		A834589B1AB1002B0052E4AF /* Event.m */ = {isa = PBXFileReference; fileEncoding = 4; lastKnownFileType = sourcecode.c.objc; path = Event.m; sourceTree = "<group>"; };
		A8DFE40D1AC1D1E700161323 /* MapViewController.h */ = {isa = PBXFileReference; fileEncoding = 4; lastKnownFileType = sourcecode.c.h; path = MapViewController.h; sourceTree = "<group>"; };
		A8DFE40E1AC1D1E700161323 /* MapViewController.m */ = {isa = PBXFileReference; fileEncoding = 4; lastKnownFileType = sourcecode.c.objc; path = MapViewController.m; sourceTree = "<group>"; };
/* End PBXFileReference section */

/* Begin PBXFrameworksBuildPhase section */
		A83458621AB0EFB10052E4AF /* Frameworks */ = {
			isa = PBXFrameworksBuildPhase;
			buildActionMask = 2147483647;
			files = (
				A80B449D1AC0DF7200B639D8 /* MapKit.framework in Frameworks */,
			);
			runOnlyForDeploymentPostprocessing = 0;
		};
		A834587B1AB0EFB20052E4AF /* Frameworks */ = {
			isa = PBXFrameworksBuildPhase;
			buildActionMask = 2147483647;
			files = (
			);
			runOnlyForDeploymentPostprocessing = 0;
		};
/* End PBXFrameworksBuildPhase section */

/* Begin PBXGroup section */
		A834585C1AB0EFB10052E4AF = {
			isa = PBXGroup;
			children = (
				A80B449C1AC0DF7200B639D8 /* MapKit.framework */,
				A83458671AB0EFB10052E4AF /* EventOrganizer */,
				A83458811AB0EFB20052E4AF /* EventOrganizerTests */,
				A83458661AB0EFB10052E4AF /* Products */,
			);
			sourceTree = "<group>";
		};
		A83458661AB0EFB10052E4AF /* Products */ = {
			isa = PBXGroup;
			children = (
				A83458651AB0EFB10052E4AF /* EventOrganizer.app */,
				A834587E1AB0EFB20052E4AF /* EventOrganizerTests.xctest */,
			);
			name = Products;
			sourceTree = "<group>";
		};
		A83458671AB0EFB10052E4AF /* EventOrganizer */ = {
			isa = PBXGroup;
			children = (
				A834586C1AB0EFB10052E4AF /* AppDelegate.h */,
				A834586D1AB0EFB10052E4AF /* AppDelegate.m */,
				A834588E1AB0F05E0052E4AF /* LoginViewController.h */,
				A834588F1AB0F05E0052E4AF /* LoginViewController.m */,
				A82B0D691AC06B6200DB967F /* EventViewController.h */,
				A82B0D6A1AC06B6200DB967F /* EventViewController.m */,
				A82B0D661AC0684600DB967F /* EventDetailViewController.h */,
				A82B0D671AC0684600DB967F /* EventDetailViewController.m */,
				A8DFE40D1AC1D1E700161323 /* MapViewController.h */,
				A8DFE40E1AC1D1E700161323 /* MapViewController.m */,
				A834589A1AB1002A0052E4AF /* Event.h */,
				A834589B1AB1002B0052E4AF /* Event.m */,
				A83458721AB0EFB10052E4AF /* Main.storyboard */,
				A83458751AB0EFB10052E4AF /* Images.xcassets */,
				A83458771AB0EFB10052E4AF /* LaunchScreen.xib */,
				A83458681AB0EFB10052E4AF /* Supporting Files */,
			);
			path = EventOrganizer;
			sourceTree = "<group>";
		};
		A83458681AB0EFB10052E4AF /* Supporting Files */ = {
			isa = PBXGroup;
			children = (
				A83458691AB0EFB10052E4AF /* Info.plist */,
				A834586A1AB0EFB10052E4AF /* main.m */,
			);
			name = "Supporting Files";
			sourceTree = "<group>";
		};
		A83458811AB0EFB20052E4AF /* EventOrganizerTests */ = {
			isa = PBXGroup;
			children = (
				A83458841AB0EFB20052E4AF /* EventOrganizerTests.m */,
				A83458821AB0EFB20052E4AF /* Supporting Files */,
			);
			path = EventOrganizerTests;
			sourceTree = "<group>";
		};
		A83458821AB0EFB20052E4AF /* Supporting Files */ = {
			isa = PBXGroup;
			children = (
				A83458831AB0EFB20052E4AF /* Info.plist */,
			);
			name = "Supporting Files";
			sourceTree = "<group>";
		};
/* End PBXGroup section */

/* Begin PBXNativeTarget section */
		A83458641AB0EFB10052E4AF /* EventOrganizer */ = {
			isa = PBXNativeTarget;
			buildConfigurationList = A83458881AB0EFB20052E4AF /* Build configuration list for PBXNativeTarget "EventOrganizer" */;
			buildPhases = (
				A83458611AB0EFB10052E4AF /* Sources */,
				A83458621AB0EFB10052E4AF /* Frameworks */,
				A83458631AB0EFB10052E4AF /* Resources */,
			);
			buildRules = (
			);
			dependencies = (
			);
			name = EventOrganizer;
			productName = EventOrganizer;
			productReference = A83458651AB0EFB10052E4AF /* EventOrganizer.app */;
			productType = "com.apple.product-type.application";
		};
		A834587D1AB0EFB20052E4AF /* EventOrganizerTests */ = {
			isa = PBXNativeTarget;
			buildConfigurationList = A834588B1AB0EFB20052E4AF /* Build configuration list for PBXNativeTarget "EventOrganizerTests" */;
			buildPhases = (
				A834587A1AB0EFB20052E4AF /* Sources */,
				A834587B1AB0EFB20052E4AF /* Frameworks */,
				A834587C1AB0EFB20052E4AF /* Resources */,
			);
			buildRules = (
			);
			dependencies = (
				A83458801AB0EFB20052E4AF /* PBXTargetDependency */,
			);
			name = EventOrganizerTests;
			productName = EventOrganizerTests;
			productReference = A834587E1AB0EFB20052E4AF /* EventOrganizerTests.xctest */;
			productType = "com.apple.product-type.bundle.unit-test";
		};
/* End PBXNativeTarget section */

/* Begin PBXProject section */
		A834585D1AB0EFB10052E4AF /* Project object */ = {
			isa = PBXProject;
			attributes = {
				LastUpgradeCheck = 0610;
				ORGANIZATIONNAME = "Walking Thumbs";
				TargetAttributes = {
					A83458641AB0EFB10052E4AF = {
						CreatedOnToolsVersion = 6.1;
					};
					A834587D1AB0EFB20052E4AF = {
						CreatedOnToolsVersion = 6.1;
						TestTargetID = A83458641AB0EFB10052E4AF;
					};
				};
			};
			buildConfigurationList = A83458601AB0EFB10052E4AF /* Build configuration list for PBXProject "EventOrganizer" */;
			compatibilityVersion = "Xcode 3.2";
			developmentRegion = English;
			hasScannedForEncodings = 0;
			knownRegions = (
				en,
				Base,
			);
			mainGroup = A834585C1AB0EFB10052E4AF;
			productRefGroup = A83458661AB0EFB10052E4AF /* Products */;
			projectDirPath = "";
			projectRoot = "";
			targets = (
				A83458641AB0EFB10052E4AF /* EventOrganizer */,
				A834587D1AB0EFB20052E4AF /* EventOrganizerTests */,
			);
		};
/* End PBXProject section */

/* Begin PBXResourcesBuildPhase section */
		A83458631AB0EFB10052E4AF /* Resources */ = {
			isa = PBXResourcesBuildPhase;
			buildActionMask = 2147483647;
			files = (
				A83458741AB0EFB10052E4AF /* Main.storyboard in Resources */,
				A83458791AB0EFB10052E4AF /* LaunchScreen.xib in Resources */,
				A83458761AB0EFB10052E4AF /* Images.xcassets in Resources */,
			);
			runOnlyForDeploymentPostprocessing = 0;
		};
		A834587C1AB0EFB20052E4AF /* Resources */ = {
			isa = PBXResourcesBuildPhase;
			buildActionMask = 2147483647;
			files = (
			);
			runOnlyForDeploymentPostprocessing = 0;
		};
/* End PBXResourcesBuildPhase section */

/* Begin PBXSourcesBuildPhase section */
		A83458611AB0EFB10052E4AF /* Sources */ = {
			isa = PBXSourcesBuildPhase;
			buildActionMask = 2147483647;
			files = (
				A834586E1AB0EFB10052E4AF /* AppDelegate.m in Sources */,
				A834586B1AB0EFB10052E4AF /* main.m in Sources */,
				A8DFE40F1AC1D1E700161323 /* MapViewController.m in Sources */,
				A83458901AB0F05E0052E4AF /* LoginViewController.m in Sources */,
				A834589C1AB1002B0052E4AF /* Event.m in Sources */,
				A82B0D681AC0684600DB967F /* EventDetailViewController.m in Sources */,
				A82B0D6B1AC06B6200DB967F /* EventViewController.m in Sources */,
			);
			runOnlyForDeploymentPostprocessing = 0;
		};
		A834587A1AB0EFB20052E4AF /* Sources */ = {
			isa = PBXSourcesBuildPhase;
			buildActionMask = 2147483647;
			files = (
				A83458851AB0EFB20052E4AF /* EventOrganizerTests.m in Sources */,
			);
			runOnlyForDeploymentPostprocessing = 0;
		};
/* End PBXSourcesBuildPhase section */

/* Begin PBXTargetDependency section */
		A83458801AB0EFB20052E4AF /* PBXTargetDependency */ = {
			isa = PBXTargetDependency;
			target = A83458641AB0EFB10052E4AF /* EventOrganizer */;
			targetProxy = A834587F1AB0EFB20052E4AF /* PBXContainerItemProxy */;
		};
/* End PBXTargetDependency section */

/* Begin PBXVariantGroup section */
		A83458721AB0EFB10052E4AF /* Main.storyboard */ = {
			isa = PBXVariantGroup;
			children = (
				A83458731AB0EFB10052E4AF /* Base */,
			);
			name = Main.storyboard;
			sourceTree = "<group>";
		};
		A83458771AB0EFB10052E4AF /* LaunchScreen.xib */ = {
			isa = PBXVariantGroup;
			children = (
				A83458781AB0EFB10052E4AF /* Base */,
			);
			name = LaunchScreen.xib;
			sourceTree = "<group>";
		};
/* End PBXVariantGroup section */

/* Begin XCBuildConfiguration section */
		A83458861AB0EFB20052E4AF /* Debug */ = {
			isa = XCBuildConfiguration;
			buildSettings = {
				ALWAYS_SEARCH_USER_PATHS = NO;
				CLANG_CXX_LANGUAGE_STANDARD = "gnu++0x";
				CLANG_CXX_LIBRARY = "libc++";
				CLANG_ENABLE_MODULES = YES;
				CLANG_ENABLE_OBJC_ARC = YES;
				CLANG_WARN_BOOL_CONVERSION = YES;
				CLANG_WARN_CONSTANT_CONVERSION = YES;
				CLANG_WARN_DIRECT_OBJC_ISA_USAGE = YES_ERROR;
				CLANG_WARN_EMPTY_BODY = YES;
				CLANG_WARN_ENUM_CONVERSION = YES;
				CLANG_WARN_INT_CONVERSION = YES;
				CLANG_WARN_OBJC_ROOT_CLASS = YES_ERROR;
				CLANG_WARN_UNREACHABLE_CODE = YES;
				CLANG_WARN__DUPLICATE_METHOD_MATCH = YES;
				"CODE_SIGN_IDENTITY[sdk=iphoneos*]" = "iPhone Developer";
				COPY_PHASE_STRIP = NO;
				ENABLE_STRICT_OBJC_MSGSEND = YES;
				GCC_C_LANGUAGE_STANDARD = gnu99;
				GCC_DYNAMIC_NO_PIC = NO;
				GCC_OPTIMIZATION_LEVEL = 0;
				GCC_PREPROCESSOR_DEFINITIONS = (
					"DEBUG=1",
					"$(inherited)",
				);
				GCC_SYMBOLS_PRIVATE_EXTERN = NO;
				GCC_WARN_64_TO_32_BIT_CONVERSION = YES;
				GCC_WARN_ABOUT_RETURN_TYPE = YES_ERROR;
				GCC_WARN_UNDECLARED_SELECTOR = YES;
				GCC_WARN_UNINITIALIZED_AUTOS = YES_AGGRESSIVE;
				GCC_WARN_UNUSED_FUNCTION = YES;
				GCC_WARN_UNUSED_VARIABLE = YES;
				IPHONEOS_DEPLOYMENT_TARGET = 8.1;
				MTL_ENABLE_DEBUG_INFO = YES;
				ONLY_ACTIVE_ARCH = YES;
				SDKROOT = iphoneos;
				TARGETED_DEVICE_FAMILY = "1,2";
			};
			name = Debug;
		};
		A83458871AB0EFB20052E4AF /* Release */ = {
			isa = XCBuildConfiguration;
			buildSettings = {
				ALWAYS_SEARCH_USER_PATHS = NO;
				CLANG_CXX_LANGUAGE_STANDARD = "gnu++0x";
				CLANG_CXX_LIBRARY = "libc++";
				CLANG_ENABLE_MODULES = YES;
				CLANG_ENABLE_OBJC_ARC = YES;
				CLANG_WARN_BOOL_CONVERSION = YES;
				CLANG_WARN_CONSTANT_CONVERSION = YES;
				CLANG_WARN_DIRECT_OBJC_ISA_USAGE = YES_ERROR;
				CLANG_WARN_EMPTY_BODY = YES;
				CLANG_WARN_ENUM_CONVERSION = YES;
				CLANG_WARN_INT_CONVERSION = YES;
				CLANG_WARN_OBJC_ROOT_CLASS = YES_ERROR;
				CLANG_WARN_UNREACHABLE_CODE = YES;
				CLANG_WARN__DUPLICATE_METHOD_MATCH = YES;
				"CODE_SIGN_IDENTITY[sdk=iphoneos*]" = "iPhone Developer";
				COPY_PHASE_STRIP = YES;
				ENABLE_NS_ASSERTIONS = NO;
				ENABLE_STRICT_OBJC_MSGSEND = YES;
				GCC_C_LANGUAGE_STANDARD = gnu99;
				GCC_WARN_64_TO_32_BIT_CONVERSION = YES;
				GCC_WARN_ABOUT_RETURN_TYPE = YES_ERROR;
				GCC_WARN_UNDECLARED_SELECTOR = YES;
				GCC_WARN_UNINITIALIZED_AUTOS = YES_AGGRESSIVE;
				GCC_WARN_UNUSED_FUNCTION = YES;
				GCC_WARN_UNUSED_VARIABLE = YES;
				IPHONEOS_DEPLOYMENT_TARGET = 8.1;
				MTL_ENABLE_DEBUG_INFO = NO;
				SDKROOT = iphoneos;
				TARGETED_DEVICE_FAMILY = "1,2";
				VALIDATE_PRODUCT = YES;
			};
			name = Release;
		};
		A83458891AB0EFB20052E4AF /* Debug */ = {
			isa = XCBuildConfiguration;
			buildSettings = {
				ASSETCATALOG_COMPILER_APPICON_NAME = AppIcon;
				INFOPLIST_FILE = EventOrganizer/Info.plist;
				LD_RUNPATH_SEARCH_PATHS = "$(inherited) @executable_path/Frameworks";
				PRODUCT_NAME = "$(TARGET_NAME)";
			};
			name = Debug;
		};
		A834588A1AB0EFB20052E4AF /* Release */ = {
			isa = XCBuildConfiguration;
			buildSettings = {
				ASSETCATALOG_COMPILER_APPICON_NAME = AppIcon;
				INFOPLIST_FILE = EventOrganizer/Info.plist;
				LD_RUNPATH_SEARCH_PATHS = "$(inherited) @executable_path/Frameworks";
				PRODUCT_NAME = "$(TARGET_NAME)";
			};
			name = Release;
		};
		A834588C1AB0EFB20052E4AF /* Debug */ = {
			isa = XCBuildConfiguration;
			buildSettings = {
				BUNDLE_LOADER = "$(TEST_HOST)";
				FRAMEWORK_SEARCH_PATHS = (
					"$(SDKROOT)/Developer/Library/Frameworks",
					"$(inherited)",
				);
				GCC_PREPROCESSOR_DEFINITIONS = (
					"DEBUG=1",
					"$(inherited)",
				);
				INFOPLIST_FILE = EventOrganizerTests/Info.plist;
				LD_RUNPATH_SEARCH_PATHS = "$(inherited) @executable_path/Frameworks @loader_path/Frameworks";
				PRODUCT_NAME = "$(TARGET_NAME)";
				TEST_HOST = "$(BUILT_PRODUCTS_DIR)/EventOrganizer.app/EventOrganizer";
			};
			name = Debug;
		};
		A834588D1AB0EFB20052E4AF /* Release */ = {
			isa = XCBuildConfiguration;
			buildSettings = {
				BUNDLE_LOADER = "$(TEST_HOST)";
				FRAMEWORK_SEARCH_PATHS = (
					"$(SDKROOT)/Developer/Library/Frameworks",
					"$(inherited)",
				);
				INFOPLIST_FILE = EventOrganizerTests/Info.plist;
				LD_RUNPATH_SEARCH_PATHS = "$(inherited) @executable_path/Frameworks @loader_path/Frameworks";
				PRODUCT_NAME = "$(TARGET_NAME)";
				TEST_HOST = "$(BUILT_PRODUCTS_DIR)/EventOrganizer.app/EventOrganizer";
			};
			name = Release;
		};
/* End XCBuildConfiguration section */

/* Begin XCConfigurationList section */
		A83458601AB0EFB10052E4AF /* Build configuration list for PBXProject "EventOrganizer" */ = {
			isa = XCConfigurationList;
			buildConfigurations = (
				A83458861AB0EFB20052E4AF /* Debug */,
				A83458871AB0EFB20052E4AF /* Release */,
			);
			defaultConfigurationIsVisible = 0;
			defaultConfigurationName = Release;
		};
		A83458881AB0EFB20052E4AF /* Build configuration list for PBXNativeTarget "EventOrganizer" */ = {
			isa = XCConfigurationList;
			buildConfigurations = (
				A83458891AB0EFB20052E4AF /* Debug */,
				A834588A1AB0EFB20052E4AF /* Release */,
			);
			defaultConfigurationIsVisible = 0;
			defaultConfigurationName = Release;
		};
		A834588B1AB0EFB20052E4AF /* Build configuration list for PBXNativeTarget "EventOrganizerTests" */ = {
			isa = XCConfigurationList;
			buildConfigurations = (
				A834588C1AB0EFB20052E4AF /* Debug */,
				A834588D1AB0EFB20052E4AF /* Release */,
			);
			defaultConfigurationIsVisible = 0;
			defaultConfigurationName = Release;
		};
/* End XCConfigurationList section */
	};
	rootObject = A834585D1AB0EFB10052E4AF /* Project object */;
}
